# THIS IS AN AUTOGENERATED FILE. DO NOT EDIT THIS FILE DIRECTLY.
# yarn lockfile v1


amdefine@>=0.0.4:
  version "1.0.1"
  resolved "http://registry.npm.taobao.org/amdefine/download/amdefine-1.0.1.tgz#4a5282ac164729e93619bcfd3ad151f817ce91f5"

ansi-regex@^2.0.0:
  version "2.1.1"
  resolved "http://registry.npm.taobao.org/ansi-regex/download/ansi-regex-2.1.1.tgz#c3b33ab5ee360d86e0e628f0468ae7ef27d654df"

ansi-styles@^2.2.1:
  version "2.2.1"
  resolved "http://registry.npm.taobao.org/ansi-styles/download/ansi-styles-2.2.1.tgz#b432dd3358b634cf75e1e4664368240533c1ddbe"

assertion-error@^1.0.1:
  version "1.1.0"
  resolved "http://registry.npm.taobao.org/assertion-error/download/assertion-error-1.1.0.tgz#e60b6b0e8f301bd97e5375215bda406c85118c0b"

async@^0.9.0, async@~0.9.0:
  version "0.9.2"
  resolved "http://registry.npm.taobao.org/async/download/async-0.9.2.tgz#aea74d5e61c1f899613bf64bda66d4c78f2fd17d"

async@~0.2.6:
  version "0.2.10"
  resolved "http://registry.npm.taobao.org/async/download/async-0.2.10.tgz#b6bbe0b0674b9d719708ca38de8c237cb526c3d1"

babel-code-frame@^6.2.4, babel-code-frame@^6.26.0:
  version "6.26.0"
  resolved "http://registry.npm.taobao.org/babel-code-frame/download/babel-code-frame-6.26.0.tgz#63fd43f7dc1e3bb7ce35947db8fe369a3f58c74b"
  dependencies:
    chalk "^1.1.3"
    esutils "^2.0.2"
    js-tokens "^3.0.2"

babel-core@^6.26.0:
  version "6.26.3"
  resolved "http://registry.npm.taobao.org/babel-core/download/babel-core-6.26.3.tgz#b2e2f09e342d0f0c88e2f02e067794125e75c207"
  dependencies:
    babel-code-frame "^6.26.0"
    babel-generator "^6.26.0"
    babel-helpers "^6.24.1"
    babel-messages "^6.23.0"
    babel-register "^6.26.0"
    babel-runtime "^6.26.0"
    babel-template "^6.26.0"
    babel-traverse "^6.26.0"
    babel-types "^6.26.0"
    babylon "^6.18.0"
    convert-source-map "^1.5.1"
    debug "^2.6.9"
    json5 "^0.5.1"
    lodash "^4.17.4"
    minimatch "^3.0.4"
    path-is-absolute "^1.0.1"
    private "^0.1.8"
    slash "^1.0.0"
    source-map "^0.5.7"

babel-core@~6.2.1:
  version "6.2.4"
  resolved "http://registry.npm.taobao.org/babel-core/download/babel-core-6.2.4.tgz#be6436e80de54599ee588f3d1ca6562afa1bd814"
  dependencies:
    babel-code-frame "^6.2.4"
    babel-generator "^6.2.4"
    babel-helpers "^6.2.4"
    babel-messages "^6.2.4"
    babel-register "^6.2.4"
    babel-runtime "^5.0.0"
    babel-template "^6.2.4"
    babel-traverse "^6.2.4"
    babel-types "^6.2.4"
    babylon "^6.2.4"
    convert-source-map "^1.1.0"
    debug "^2.1.1"
    json5 "^0.4.0"
    lodash "^3.10.0"
    minimatch "^2.0.3"
    path-exists "^1.0.0"
    path-is-absolute "^1.0.0"
    private "^0.1.6"
    shebang-regex "^1.0.0"
    slash "^1.0.0"
    source-map "^0.5.0"

babel-generator@^6.2.4, babel-generator@^6.26.0:
  version "6.26.1"
  resolved "http://registry.npm.taobao.org/babel-generator/download/babel-generator-6.26.1.tgz#1844408d3b8f0d35a404ea7ac180f087a601bd90"
  dependencies:
    babel-messages "^6.23.0"
    babel-runtime "^6.26.0"
    babel-types "^6.26.0"
    detect-indent "^4.0.0"
    jsesc "^1.3.0"
    lodash "^4.17.4"
    source-map "^0.5.7"
    trim-right "^1.0.1"

babel-helper-call-delegate@^6.24.1:
  version "6.24.1"
  resolved "http://registry.npm.taobao.org/babel-helper-call-delegate/download/babel-helper-call-delegate-6.24.1.tgz#ece6aacddc76e41c3461f88bfc575bd0daa2df8d"
  dependencies:
    babel-helper-hoist-variables "^6.24.1"
    babel-runtime "^6.22.0"
    babel-traverse "^6.24.1"
    babel-types "^6.24.1"

babel-helper-define-map@^6.24.1:
  version "6.26.0"
  resolved "http://registry.npm.taobao.org/babel-helper-define-map/download/babel-helper-define-map-6.26.0.tgz#a5f56dab41a25f97ecb498c7ebaca9819f95be5f"
  dependencies:
    babel-helper-function-name "^6.24.1"
    babel-runtime "^6.26.0"
    babel-types "^6.26.0"
    lodash "^4.17.4"

babel-helper-function-name@^6.24.1:
  version "6.24.1"
  resolved "http://registry.npm.taobao.org/babel-helper-function-name/download/babel-helper-function-name-6.24.1.tgz#d3475b8c03ed98242a25b48351ab18399d3580a9"
  dependencies:
    babel-helper-get-function-arity "^6.24.1"
    babel-runtime "^6.22.0"
    babel-template "^6.24.1"
    babel-traverse "^6.24.1"
    babel-types "^6.24.1"

babel-helper-get-function-arity@^6.24.1:
  version "6.24.1"
  resolved "http://registry.npm.taobao.org/babel-helper-get-function-arity/download/babel-helper-get-function-arity-6.24.1.tgz#8f7782aa93407c41d3aa50908f89b031b1b6853d"
  dependencies:
    babel-runtime "^6.22.0"
    babel-types "^6.24.1"

babel-helper-hoist-variables@^6.24.1:
  version "6.24.1"
  resolved "http://registry.npm.taobao.org/babel-helper-hoist-variables/download/babel-helper-hoist-variables-6.24.1.tgz#1ecb27689c9d25513eadbc9914a73f5408be7a76"
  dependencies:
    babel-runtime "^6.22.0"
    babel-types "^6.24.1"

babel-helper-optimise-call-expression@^6.24.1:
  version "6.24.1"
  resolved "http://registry.npm.taobao.org/babel-helper-optimise-call-expression/download/babel-helper-optimise-call-expression-6.24.1.tgz#f7a13427ba9f73f8f4fa993c54a97882d1244257"
  dependencies:
    babel-runtime "^6.22.0"
    babel-types "^6.24.1"

babel-helper-regex@^6.24.1:
  version "6.26.0"
  resolved "http://registry.npm.taobao.org/babel-helper-regex/download/babel-helper-regex-6.26.0.tgz#325c59f902f82f24b74faceed0363954f6495e72"
  dependencies:
    babel-runtime "^6.26.0"
    babel-types "^6.26.0"
    lodash "^4.17.4"

babel-helper-replace-supers@^6.24.1:
  version "6.24.1"
  resolved "http://registry.npm.taobao.org/babel-helper-replace-supers/download/babel-helper-replace-supers-6.24.1.tgz#bf6dbfe43938d17369a213ca8a8bf74b6a90ab1a"
  dependencies:
    babel-helper-optimise-call-expression "^6.24.1"
    babel-messages "^6.23.0"
    babel-runtime "^6.22.0"
    babel-template "^6.24.1"
    babel-traverse "^6.24.1"
    babel-types "^6.24.1"

babel-helpers@^6.2.4, babel-helpers@^6.24.1:
  version "6.24.1"
  resolved "http://registry.npm.taobao.org/babel-helpers/download/babel-helpers-6.24.1.tgz#3471de9caec388e5c850e597e58a26ddf37602b2"
  dependencies:
    babel-runtime "^6.22.0"
    babel-template "^6.24.1"

babel-messages@^6.2.4, babel-messages@^6.23.0:
  version "6.23.0"
  resolved "http://registry.npm.taobao.org/babel-messages/download/babel-messages-6.23.0.tgz#f3cdf4703858035b2a2951c6ec5edf6c62f2630e"
  dependencies:
    babel-runtime "^6.22.0"

babel-plugin-check-es2015-constants@^6.1.18:
  version "6.22.0"
  resolved "http://registry.npm.taobao.org/babel-plugin-check-es2015-constants/download/babel-plugin-check-es2015-constants-6.22.0.tgz#35157b101426fd2ffd3da3f75c7d1e91835bbf8a"
  dependencies:
    babel-runtime "^6.22.0"

babel-plugin-transform-es2015-arrow-functions@^6.1.18:
  version "6.22.0"
  resolved "http://registry.npm.taobao.org/babel-plugin-transform-es2015-arrow-functions/download/babel-plugin-transform-es2015-arrow-functions-6.22.0.tgz#452692cb711d5f79dc7f85e440ce41b9f244d221"
  dependencies:
    babel-runtime "^6.22.0"

babel-plugin-transform-es2015-block-scoped-functions@^6.1.18:
  version "6.22.0"
  resolved "http://registry.npm.taobao.org/babel-plugin-transform-es2015-block-scoped-functions/download/babel-plugin-transform-es2015-block-scoped-functions-6.22.0.tgz#bbc51b49f964d70cb8d8e0b94e820246ce3a6141"
  dependencies:
    babel-runtime "^6.22.0"

babel-plugin-transform-es2015-block-scoping@^6.1.18:
  version "6.26.0"
  resolved "http://registry.npm.taobao.org/babel-plugin-transform-es2015-block-scoping/download/babel-plugin-transform-es2015-block-scoping-6.26.0.tgz#d70f5299c1308d05c12f463813b0a09e73b1895f"
  dependencies:
    babel-runtime "^6.26.0"
    babel-template "^6.26.0"
    babel-traverse "^6.26.0"
    babel-types "^6.26.0"
    lodash "^4.17.4"

babel-plugin-transform-es2015-classes@^6.1.18:
  version "6.24.1"
  resolved "http://registry.npm.taobao.org/babel-plugin-transform-es2015-classes/download/babel-plugin-transform-es2015-classes-6.24.1.tgz#5a4c58a50c9c9461e564b4b2a3bfabc97a2584db"
  dependencies:
    babel-helper-define-map "^6.24.1"
    babel-helper-function-name "^6.24.1"
    babel-helper-optimise-call-expression "^6.24.1"
    babel-helper-replace-supers "^6.24.1"
    babel-messages "^6.23.0"
    babel-runtime "^6.22.0"
    babel-template "^6.24.1"
    babel-traverse "^6.24.1"
    babel-types "^6.24.1"

babel-plugin-transform-es2015-computed-properties@^6.1.18:
  version "6.24.1"
  resolved "http://registry.npm.taobao.org/babel-plugin-transform-es2015-computed-properties/download/babel-plugin-transform-es2015-computed-properties-6.24.1.tgz#6fe2a8d16895d5634f4cd999b6d3480a308159b3"
  dependencies:
    babel-runtime "^6.22.0"
    babel-template "^6.24.1"

babel-plugin-transform-es2015-destructuring@^6.1.18:
  version "6.23.0"
  resolved "http://registry.npm.taobao.org/babel-plugin-transform-es2015-destructuring/download/babel-plugin-transform-es2015-destructuring-6.23.0.tgz#997bb1f1ab967f682d2b0876fe358d60e765c56d"
  dependencies:
    babel-runtime "^6.22.0"

babel-plugin-transform-es2015-for-of@^6.1.18:
  version "6.23.0"
  resolved "http://registry.npm.taobao.org/babel-plugin-transform-es2015-for-of/download/babel-plugin-transform-es2015-for-of-6.23.0.tgz#f47c95b2b613df1d3ecc2fdb7573623c75248691"
  dependencies:
    babel-runtime "^6.22.0"

babel-plugin-transform-es2015-function-name@^6.1.18:
  version "6.24.1"
  resolved "http://registry.npm.taobao.org/babel-plugin-transform-es2015-function-name/download/babel-plugin-transform-es2015-function-name-6.24.1.tgz#834c89853bc36b1af0f3a4c5dbaa94fd8eacaa8b"
  dependencies:
    babel-helper-function-name "^6.24.1"
    babel-runtime "^6.22.0"
    babel-types "^6.24.1"

babel-plugin-transform-es2015-literals@^6.1.18:
  version "6.22.0"
  resolved "http://registry.npm.taobao.org/babel-plugin-transform-es2015-literals/download/babel-plugin-transform-es2015-literals-6.22.0.tgz#4f54a02d6cd66cf915280019a31d31925377ca2e"
  dependencies:
    babel-runtime "^6.22.0"

babel-plugin-transform-es2015-modules-commonjs@^6.1.18:
  version "6.26.2"
  resolved "http://registry.npm.taobao.org/babel-plugin-transform-es2015-modules-commonjs/download/babel-plugin-transform-es2015-modules-commonjs-6.26.2.tgz#58a793863a9e7ca870bdc5a881117ffac27db6f3"
  dependencies:
    babel-plugin-transform-strict-mode "^6.24.1"
    babel-runtime "^6.26.0"
    babel-template "^6.26.0"
    babel-types "^6.26.0"

babel-plugin-transform-es2015-object-super@^6.1.18:
  version "6.24.1"
  resolved "http://registry.npm.taobao.org/babel-plugin-transform-es2015-object-super/download/babel-plugin-transform-es2015-object-super-6.24.1.tgz#24cef69ae21cb83a7f8603dad021f572eb278f8d"
  dependencies:
    babel-helper-replace-supers "^6.24.1"
    babel-runtime "^6.22.0"

babel-plugin-transform-es2015-parameters@^6.1.18:
  version "6.24.1"
  resolved "http://registry.npm.taobao.org/babel-plugin-transform-es2015-parameters/download/babel-plugin-transform-es2015-parameters-6.24.1.tgz#57ac351ab49caf14a97cd13b09f66fdf0a625f2b"
  dependencies:
    babel-helper-call-delegate "^6.24.1"
    babel-helper-get-function-arity "^6.24.1"
    babel-runtime "^6.22.0"
    babel-template "^6.24.1"
    babel-traverse "^6.24.1"
    babel-types "^6.24.1"

babel-plugin-transform-es2015-shorthand-properties@^6.1.18:
  version "6.24.1"
  resolved "http://registry.npm.taobao.org/babel-plugin-transform-es2015-shorthand-properties/download/babel-plugin-transform-es2015-shorthand-properties-6.24.1.tgz#24f875d6721c87661bbd99a4622e51f14de38aa0"
  dependencies:
    babel-runtime "^6.22.0"
    babel-types "^6.24.1"

babel-plugin-transform-es2015-spread@^6.1.18:
  version "6.22.0"
  resolved "http://registry.npm.taobao.org/babel-plugin-transform-es2015-spread/download/babel-plugin-transform-es2015-spread-6.22.0.tgz#d6d68a99f89aedc4536c81a542e8dd9f1746f8d1"
  dependencies:
    babel-runtime "^6.22.0"

babel-plugin-transform-es2015-sticky-regex@^6.1.18:
  version "6.24.1"
  resolved "http://registry.npm.taobao.org/babel-plugin-transform-es2015-sticky-regex/download/babel-plugin-transform-es2015-sticky-regex-6.24.1.tgz#00c1cdb1aca71112cdf0cf6126c2ed6b457ccdbc"
  dependencies:
    babel-helper-regex "^6.24.1"
    babel-runtime "^6.22.0"
    babel-types "^6.24.1"

babel-plugin-transform-es2015-template-literals@^6.1.18:
  version "6.22.0"
  resolved "http://registry.npm.taobao.org/babel-plugin-transform-es2015-template-literals/download/babel-plugin-transform-es2015-template-literals-6.22.0.tgz#a84b3450f7e9f8f1f6839d6d687da84bb1236d8d"
  dependencies:
    babel-runtime "^6.22.0"

babel-plugin-transform-es2015-typeof-symbol@^6.1.18:
  version "6.23.0"
  resolved "http://registry.npm.taobao.org/babel-plugin-transform-es2015-typeof-symbol/download/babel-plugin-transform-es2015-typeof-symbol-6.23.0.tgz#dec09f1cddff94b52ac73d505c84df59dcceb372"
  dependencies:
    babel-runtime "^6.22.0"

babel-plugin-transform-es2015-unicode-regex@^6.1.18:
  version "6.24.1"
  resolved "http://registry.npm.taobao.org/babel-plugin-transform-es2015-unicode-regex/download/babel-plugin-transform-es2015-unicode-regex-6.24.1.tgz#d38b12f42ea7323f729387f18a7c5ae1faeb35e9"
  dependencies:
    babel-helper-regex "^6.24.1"
    babel-runtime "^6.22.0"
    regexpu-core "^2.0.0"

babel-plugin-transform-regenerator@^6.1.18:
  version "6.26.0"
  resolved "http://registry.npm.taobao.org/babel-plugin-transform-regenerator/download/babel-plugin-transform-regenerator-6.26.0.tgz#e0703696fbde27f0a3efcacf8b4dca2f7b3a8f2f"
  dependencies:
    regenerator-transform "^0.10.0"

babel-plugin-transform-strict-mode@^6.24.1:
  version "6.24.1"
  resolved "http://registry.npm.taobao.org/babel-plugin-transform-strict-mode/download/babel-plugin-transform-strict-mode-6.24.1.tgz#d5faf7aa578a65bbe591cf5edae04a0c67020758"
  dependencies:
    babel-runtime "^6.22.0"
    babel-types "^6.24.1"

babel-preset-es2015@~6.1.18:
  version "6.1.18"
  resolved "http://registry.npm.taobao.org/babel-preset-es2015/download/babel-preset-es2015-6.1.18.tgz#5b8f97acd9e50cbc4c4e24eab12d5b1abc74cdda"
  dependencies:
    babel-plugin-check-es2015-constants "^6.1.18"
    babel-plugin-transform-es2015-arrow-functions "^6.1.18"
    babel-plugin-transform-es2015-block-scoped-functions "^6.1.18"
    babel-plugin-transform-es2015-block-scoping "^6.1.18"
    babel-plugin-transform-es2015-classes "^6.1.18"
    babel-plugin-transform-es2015-computed-properties "^6.1.18"
    babel-plugin-transform-es2015-destructuring "^6.1.18"
    babel-plugin-transform-es2015-for-of "^6.1.18"
    babel-plugin-transform-es2015-function-name "^6.1.18"
    babel-plugin-transform-es2015-literals "^6.1.18"
    babel-plugin-transform-es2015-modules-commonjs "^6.1.18"
    babel-plugin-transform-es2015-object-super "^6.1.18"
    babel-plugin-transform-es2015-parameters "^6.1.18"
    babel-plugin-transform-es2015-shorthand-properties "^6.1.18"
    babel-plugin-transform-es2015-spread "^6.1.18"
    babel-plugin-transform-es2015-sticky-regex "^6.1.18"
    babel-plugin-transform-es2015-template-literals "^6.1.18"
    babel-plugin-transform-es2015-typeof-symbol "^6.1.18"
    babel-plugin-transform-es2015-unicode-regex "^6.1.18"
    babel-plugin-transform-regenerator "^6.1.18"

babel-register@^6.2.4, babel-register@^6.26.0:
  version "6.26.0"
  resolved "http://registry.npm.taobao.org/babel-register/download/babel-register-6.26.0.tgz#6ed021173e2fcb486d7acb45c6009a856f647071"
  dependencies:
    babel-core "^6.26.0"
    babel-runtime "^6.26.0"
    core-js "^2.5.0"
    home-or-tmp "^2.0.0"
    lodash "^4.17.4"
    mkdirp "^0.5.1"
    source-map-support "^0.4.15"

babel-runtime@^5.0.0:
  version "5.8.38"
  resolved "http://registry.npm.taobao.org/babel-runtime/download/babel-runtime-5.8.38.tgz#1c0b02eb63312f5f087ff20450827b425c9d4c19"
  dependencies:
    core-js "^1.0.0"

babel-runtime@^6.18.0, babel-runtime@^6.22.0, babel-runtime@^6.26.0:
  version "6.26.0"
  resolved "http://registry.npm.taobao.org/babel-runtime/download/babel-runtime-6.26.0.tgz#965c7058668e82b55d7bfe04ff2337bc8b5647fe"
  dependencies:
    core-js "^2.4.0"
    regenerator-runtime "^0.11.0"

babel-template@^6.2.4, babel-template@^6.24.1, babel-template@^6.26.0:
  version "6.26.0"
  resolved "http://registry.npm.taobao.org/babel-template/download/babel-template-6.26.0.tgz#de03e2d16396b069f46dd9fff8521fb1a0e35e02"
  dependencies:
    babel-runtime "^6.26.0"
    babel-traverse "^6.26.0"
    babel-types "^6.26.0"
    babylon "^6.18.0"
    lodash "^4.17.4"

babel-traverse@^6.2.4, babel-traverse@^6.24.1, babel-traverse@^6.26.0:
  version "6.26.0"
  resolved "http://registry.npm.taobao.org/babel-traverse/download/babel-traverse-6.26.0.tgz#46a9cbd7edcc62c8e5c064e2d2d8d0f4035766ee"
  dependencies:
    babel-code-frame "^6.26.0"
    babel-messages "^6.23.0"
    babel-runtime "^6.26.0"
    babel-types "^6.26.0"
    babylon "^6.18.0"
    debug "^2.6.8"
    globals "^9.18.0"
    invariant "^2.2.2"
    lodash "^4.17.4"

babel-types@^6.19.0, babel-types@^6.2.4, babel-types@^6.24.1, babel-types@^6.26.0:
  version "6.26.0"
  resolved "http://registry.npm.taobao.org/babel-types/download/babel-types-6.26.0.tgz#a3b073f94ab49eb6fa55cd65227a334380632497"
  dependencies:
    babel-runtime "^6.26.0"
    esutils "^2.0.2"
    lodash "^4.17.4"
    to-fast-properties "^1.0.3"

babylon@^6.18.0, babylon@^6.2.4:
  version "6.18.0"
  resolved "http://registry.npm.taobao.org/babylon/download/babylon-6.18.0.tgz#af2f3b88fa6f5c1e4c634d1a0f8eac4f55b395e3"

balanced-match@^1.0.0:
  version "1.0.0"
  resolved "http://registry.npm.taobao.org/balanced-match/download/balanced-match-1.0.0.tgz#89b4d199ab2bee49de164ea02b89ce462d71b767"

brace-expansion@^1.0.0, brace-expansion@^1.1.7:
  version "1.1.11"
  resolved "http://registry.npm.taobao.org/brace-expansion/download/brace-expansion-1.1.11.tgz#3c7fcbf529d87226f3d2f52b966ff5271eb441dd"
  dependencies:
    balanced-match "^1.0.0"
    concat-map "0.0.1"

browser-stdout@1.3.1:
  version "1.3.1"
  resolved "http://registry.npm.taobao.org/browser-stdout/download/browser-stdout-1.3.1.tgz#baa559ee14ced73452229bad7326467c61fabd60"

chai@~3.4.1:
  version "3.4.1"
  resolved "http://registry.npm.taobao.org/chai/download/chai-3.4.1.tgz#330ae2f819124c26182036fa5e43a88ea4e1bd85"
  dependencies:
    assertion-error "^1.0.1"
    deep-eql "^0.1.3"
    type-detect "^1.0.0"

chalk@^1.0.0, chalk@^1.1.3:
  version "1.1.3"
  resolved "http://registry.npm.taobao.org/chalk/download/chalk-1.1.3.tgz#a8115c55e4a702fe4d150abd3872822a7e09fc98"
  dependencies:
    ansi-styles "^2.2.1"
    escape-string-regexp "^1.0.2"
    has-ansi "^2.0.0"
    strip-ansi "^3.0.0"
    supports-color "^2.0.0"

combined-stream@~0.0.4:
  version "0.0.7"
  resolved "http://registry.npm.taobao.org/combined-stream/download/combined-stream-0.0.7.tgz#0137e657baa5a7541c57ac37ac5fc07d73b4dc1f"
  dependencies:
    delayed-stream "0.0.5"

commander@2.15.1:
  version "2.15.1"
  resolved "http://registry.npm.taobao.org/commander/download/commander-2.15.1.tgz#df46e867d0fc2aec66a34662b406a9ccafff5b0f"

component-emitter@1.1.2:
  version "1.1.2"
  resolved "http://registry.npm.taobao.org/component-emitter/download/component-emitter-1.1.2.tgz#296594f2753daa63996d2af08d15a95116c9aec3"

concat-map@0.0.1:
  version "0.0.1"
  resolved "http://registry.npm.taobao.org/concat-map/download/concat-map-0.0.1.tgz#d8a96bd77fd68df7793a73036a3ba0d5405d477b"

convert-source-map@^1.1.0, convert-source-map@^1.5.1:
  version "1.5.1"
  resolved "http://registry.npm.taobao.org/convert-source-map/download/convert-source-map-1.5.1.tgz#b8278097b9bc229365de5c62cf5fcaed8b5599e5"

cookiejar@2.0.1:
  version "2.0.1"
  resolved "http://registry.npm.taobao.org/cookiejar/download/cookiejar-2.0.1.tgz#3d12752f6adf68a892f332433492bd5812bb668f"

core-js@^1.0.0:
  version "1.2.7"
  resolved "http://registry.npm.taobao.org/core-js/download/core-js-1.2.7.tgz#652294c14651db28fa93bd2d5ff2983a4f08c636"

core-js@^2.4.0, core-js@^2.5.0:
  version "2.5.7"
  resolved "http://registry.npm.taobao.org/core-js/download/core-js-2.5.7.tgz#f972608ff0cead68b841a16a932d0b183791814e"

core-util-is@~1.0.0:
  version "1.0.2"
  resolved "http://registry.npm.taobao.org/core-util-is/download/core-util-is-1.0.2.tgz#b5fd54220aa2bc5ab57aab7140c940754503c1a7"

debug@2, debug@^2.1.1, debug@^2.6.8, debug@^2.6.9:
  version "2.6.9"
  resolved "http://registry.npm.taobao.org/debug/download/debug-2.6.9.tgz#5d128515df134ff327e90a4c93f4e077a536341f"
  dependencies:
    ms "2.0.0"

debug@3.1.0:
  version "3.1.0"
  resolved "http://registry.npm.taobao.org/debug/download/debug-3.1.0.tgz#5bb5a0672628b64149566ba16819e61518c67261"
  dependencies:
    ms "2.0.0"

deep-eql@^0.1.3:
  version "0.1.3"
  resolved "http://registry.npm.taobao.org/deep-eql/download/deep-eql-0.1.3.tgz#ef558acab8de25206cd713906d74e56930eb69f2"
  dependencies:
    type-detect "0.1.1"

delayed-stream@0.0.5:
  version "0.0.5"
  resolved "http://registry.npm.taobao.org/delayed-stream/download/delayed-stream-0.0.5.tgz#d4b1f43a93e8296dfe02694f4680bc37a313c73f"

detect-indent@^4.0.0:
  version "4.0.0"
  resolved "http://registry.npm.taobao.org/detect-indent/download/detect-indent-4.0.0.tgz#f76d064352cdf43a1cb6ce619c4ee3a9475de208"
  dependencies:
    repeating "^2.0.0"

diff@3.5.0:
  version "3.5.0"
  resolved "http://registry.npm.taobao.org/diff/download/diff-3.5.0.tgz#800c0dd1e0a8bfbc95835c202ad220fe317e5a12"

encoding@^0.1.11:
  version "0.1.12"
  resolved "http://registry.npm.taobao.org/encoding/download/encoding-0.1.12.tgz#538b66f3ee62cd1ab51ec323829d1f9480c74beb"
  dependencies:
    iconv-lite "~0.4.13"

escape-string-regexp@1.0.5, escape-string-regexp@^1.0.2:
  version "1.0.5"
  resolved "http://registry.npm.taobao.org/escape-string-regexp/download/escape-string-regexp-1.0.5.tgz#1b61c0562190a8dff6ae3bb2cf0200ca130b86d4"

esutils@^2.0.2:
  version "2.0.2"
  resolved "http://registry.npm.taobao.org/esutils/download/esutils-2.0.2.tgz#0abf4f1caa5bcb1f7a9d8acc6dea4faaa04bac9b"

extend@1.2.1:
  version "1.2.1"
  resolved "http://registry.npm.taobao.org/extend/download/extend-1.2.1.tgz#a0f5fd6cfc83a5fe49ef698d60ec8a624dd4576c"

form-data@0.2.0:
  version "0.2.0"
  resolved "http://registry.npm.taobao.org/form-data/download/form-data-0.2.0.tgz#26f8bc26da6440e299cbdcfb69035c4f77a6e466"
  dependencies:
    async "~0.9.0"
    combined-stream "~0.0.4"
    mime-types "~2.0.3"

formidable@1.0.14:
  version "1.0.14"
  resolved "http://registry.npm.taobao.org/formidable/download/formidable-1.0.14.tgz#2b3f4c411cbb5fdd695c44843e2a23514a43231a"

fs.realpath@^1.0.0:
  version "1.0.0"
  resolved "http://registry.npm.taobao.org/fs.realpath/download/fs.realpath-1.0.0.tgz#1504ad2523158caa40db4a2787cb01411994ea4f"

glob@7.1.2:
  version "7.1.2"
  resolved "http://registry.npm.taobao.org/glob/download/glob-7.1.2.tgz#c19c9df9a028702d678612384a6552404c636d15"
  dependencies:
    fs.realpath "^1.0.0"
    inflight "^1.0.4"
    inherits "2"
    minimatch "^3.0.4"
    once "^1.3.0"
    path-is-absolute "^1.0.0"

globals@^9.18.0:
  version "9.18.0"
  resolved "http://registry.npm.taobao.org/globals/download/globals-9.18.0.tgz#aa3896b3e69b487f17e31ed2143d69a8e30c2d8a"

growl@1.10.5:
  version "1.10.5"
  resolved "http://registry.npm.taobao.org/growl/download/growl-1.10.5.tgz#f2735dc2283674fa67478b10181059355c369e5e"

handlebars@^3.0.3:
  version "3.0.3"
  resolved "http://registry.npm.taobao.org/handlebars/download/handlebars-3.0.3.tgz#0e09651a2f0fb3c949160583710d551f92e6d2ad"
  dependencies:
    optimist "^0.6.1"
    source-map "^0.1.40"
  optionalDependencies:
    uglify-js "~2.3"

has-ansi@^2.0.0:
  version "2.0.0"
  resolved "http://registry.npm.taobao.org/has-ansi/download/has-ansi-2.0.0.tgz#34f5049ce1ecdf2b0649af3ef24e45ed35416d91"
  dependencies:
    ansi-regex "^2.0.0"

has-flag@^3.0.0:
  version "3.0.0"
  resolved "http://registry.npm.taobao.org/has-flag/download/has-flag-3.0.0.tgz#b5d454dc2199ae225699f3467e5a07f3b955bafd"

he@1.1.1:
  version "1.1.1"
  resolved "http://registry.npm.taobao.org/he/download/he-1.1.1.tgz#93410fd21b009735151f8868c2f271f3427e23fd"

highlight.js@^8.5.0:
  version "8.9.1"
  resolved "http://registry.npm.taobao.org/highlight.js/download/highlight.js-8.9.1.tgz#b8a9c5493212a9392f0222b649c9611497ebfb88"

home-or-tmp@^2.0.0:
  version "2.0.0"
  resolved "http://registry.npm.taobao.org/home-or-tmp/download/home-or-tmp-2.0.0.tgz#e36c3f2d2cae7d746a857e38d18d5f32a7882db8"
  dependencies:
    os-homedir "^1.0.0"
    os-tmpdir "^1.0.1"

iconv-lite@~0.4.13:
  version "0.4.23"
  resolved "http://registry.npm.taobao.org/iconv-lite/download/iconv-lite-0.4.23.tgz#297871f63be507adcfbfca715d0cd0eed84e9a63"
  dependencies:
    safer-buffer ">= 2.1.2 < 3"

inflight@^1.0.4:
  version "1.0.6"
  resolved "http://registry.npm.taobao.org/inflight/download/inflight-1.0.6.tgz#49bd6331d7d02d0c09bc910a1075ba8165b56df9"
  dependencies:
    once "^1.3.0"
    wrappy "1"

inherits@2, inherits@~2.0.1:
  version "2.0.3"
  resolved "http://registry.npm.taobao.org/inherits/download/inherits-2.0.3.tgz#633c2c83e3da42a502f52466022480f4208261de"

invariant@^2.2.2:
  version "2.2.4"
  resolved "http://registry.npm.taobao.org/invariant/download/invariant-2.2.4.tgz#610f3c92c9359ce1db616e538008d23ff35158e6"
  dependencies:
    loose-envify "^1.0.0"

is-finite@^1.0.0:
  version "1.0.2"
  resolved "http://registry.npm.taobao.org/is-finite/download/is-finite-1.0.2.tgz#cc6677695602be550ef11e8b4aa6305342b6d0aa"
  dependencies:
    number-is-nan "^1.0.0"

isarray@0.0.1:
  version "0.0.1"
  resolved "http://registry.npm.taobao.org/isarray/download/isarray-0.0.1.tgz#8a18acfca9a8f4177e09abfc6038939b05d1eedf"

js-tokens@^3.0.0, js-tokens@^3.0.2:
  version "3.0.2"
  resolved "http://registry.npm.taobao.org/js-tokens/download/js-tokens-3.0.2.tgz#9866df395102130e38f7f996bceb65443209c25b"

jsesc@^1.3.0:
  version "1.3.0"
  resolved "http://registry.npm.taobao.org/jsesc/download/jsesc-1.3.0.tgz#46c3fec8c1892b12b0833db9bc7622176dbab34b"

jsesc@~0.5.0:
  version "0.5.0"
  resolved "http://registry.npm.taobao.org/jsesc/download/jsesc-0.5.0.tgz#e7dee66e35d6fc16f710fe91d5cf69f70f08911d"

json-stringify-safe@^5.0.0:
  version "5.0.1"
  resolved "http://registry.npm.taobao.org/json-stringify-safe/download/json-stringify-safe-5.0.1.tgz#1296a2d58fd45f19a0f6ce01d65701e2c735b6eb"

json5@^0.4.0:
  version "0.4.0"
  resolved "http://registry.npm.taobao.org/json5/download/json5-0.4.0.tgz#054352e4c4c80c86c0923877d449de176a732c8d"

json5@^0.5.1:
  version "0.5.1"
  resolved "http://registry.npm.taobao.org/json5/download/json5-0.5.1.tgz#1eade7acc012034ad84e2396767ead9fa5495821"

lodash@^3.1.0, lodash@^3.10.0:
  version "3.10.1"
  resolved "http://registry.npm.taobao.org/lodash/download/lodash-3.10.1.tgz#5bf45e8e49ba4189e17d482789dfd15bd140b7b6"

lodash@^4.17.4:
  version "4.17.10"
  resolved "http://registry.npm.taobao.org/lodash/download/lodash-4.17.10.tgz#1b7793cf7259ea38fb3661d4d38b3260af8ae4e7"

loose-envify@^1.0.0:
  version "1.3.1"
  resolved "http://registry.npm.taobao.org/loose-envify/download/loose-envify-1.3.1.tgz#d1a8ad33fa9ce0e713d65fdd0ac8b748d478c848"
  dependencies:
    js-tokens "^3.0.0"

methods@1.0.1:
  version "1.0.1"
  resolved "http://registry.npm.taobao.org/methods/download/methods-1.0.1.tgz#75bc91943dffd7da037cf3eeb0ed73a0037cd14b"

mime-db@~1.12.0:
  version "1.12.0"
  resolved "http://registry.npm.taobao.org/mime-db/download/mime-db-1.12.0.tgz#3d0c63180f458eb10d325aaa37d7c58ae312e9d7"

mime-types@~2.0.3:
  version "2.0.14"
  resolved "http://registry.npm.taobao.org/mime-types/download/mime-types-2.0.14.tgz#310e159db23e077f8bb22b748dabfa4957140aa6"
  dependencies:
    mime-db "~1.12.0"

mime@1.3.4:
  version "1.3.4"
  resolved "http://registry.npm.taobao.org/mime/download/mime-1.3.4.tgz#115f9e3b6b3daf2959983cb38f149a2d40eb5d53"

minimatch@3.0.4, minimatch@^3.0.4:
  version "3.0.4"
  resolved "http://registry.npm.taobao.org/minimatch/download/minimatch-3.0.4.tgz#5166e286457f03306064be5497e8dbb0c3d32083"
  dependencies:
    brace-expansion "^1.1.7"

minimatch@^2.0.3:
  version "2.0.10"
  resolved "http://registry.npm.taobao.org/minimatch/download/minimatch-2.0.10.tgz#8d087c39c6b38c001b97fca7ce6d0e1e80afbac7"
  dependencies:
    brace-expansion "^1.0.0"

minimist@0.0.8:
  version "0.0.8"
  resolved "http://registry.npm.taobao.org/minimist/download/minimist-0.0.8.tgz#857fcabfc3397d2625b8228262e86aa7a011b05d"

minimist@~0.0.1:
  version "0.0.10"
  resolved "http://registry.npm.taobao.org/minimist/download/minimist-0.0.10.tgz#de3f98543dbf96082be48ad1a0c7cda836301dcf"

mkdirp@0.5.1, mkdirp@^0.5.1:
  version "0.5.1"
  resolved "http://registry.npm.taobao.org/mkdirp/download/mkdirp-0.5.1.tgz#30057438eac6cf7f8c4767f38648d6697d75c903"
  dependencies:
    minimist "0.0.8"

mocha@*, mocha@^5.2.0:
  version "5.2.0"
  resolved "http://registry.npm.taobao.org/mocha/download/mocha-5.2.0.tgz#6d8ae508f59167f940f2b5b3c4a612ae50c90ae6"
  dependencies:
    browser-stdout "1.3.1"
    commander "2.15.1"
    debug "3.1.0"
    diff "3.5.0"
    escape-string-regexp "1.0.5"
    glob "7.1.2"
    growl "1.10.5"
    he "1.1.1"
    minimatch "3.0.4"
    mkdirp "0.5.1"
    supports-color "5.4.0"

mochawesome@~1.2.1:
  version "1.2.2"
  resolved "http://registry.npm.taobao.org/mochawesome/download/mochawesome-1.2.2.tgz#912ae49e39f9de491514e87d9800482d2fa35a55"
  dependencies:
    async "^0.9.0"
    chalk "^1.0.0"
    handlebars "^3.0.3"
    highlight.js "^8.5.0"
    json-stringify-safe "^5.0.0"
    lodash "^3.1.0"
    mocha "*"
    moment "^2.9.0"
    ncp "^1.0.1"
    node-uuid "^1.4.1"

moment@^2.9.0:
  version "2.22.2"
  resolved "http://registry.npm.taobao.org/moment/download/moment-2.22.2.tgz#3c257f9839fc0e93ff53149632239eb90783ff66"

ms@2.0.0:
  version "2.0.0"
  resolved "http://registry.npm.taobao.org/ms/download/ms-2.0.0.tgz#5608aeadfc00be6c2901df5f9861788de0d597c8"

ncp@^1.0.1:
  version "1.0.1"
  resolved "http://registry.npm.taobao.org/ncp/download/ncp-1.0.1.tgz#d15367e5cb87432ba117d2bf80fdf45aecfb4246"

node-fetch@~1.3.3:
  version "1.3.3"
  resolved "http://registry.npm.taobao.org/node-fetch/download/node-fetch-1.3.3.tgz#880228be75fd207a8a9baa2042ead437e6edaf84"
  dependencies:
    encoding "^0.1.11"

node-uuid@^1.4.1:
  version "1.4.8"
  resolved "http://registry.npm.taobao.org/node-uuid/download/node-uuid-1.4.8.tgz#b040eb0923968afabf8d32fb1f17f1167fdab907"

number-is-nan@^1.0.0:
  version "1.0.1"
  resolved "http://registry.npm.taobao.org/number-is-nan/download/number-is-nan-1.0.1.tgz#097b602b53422a522c1afb8790318336941a011d"

once@^1.3.0:
  version "1.4.0"
  resolved "http://registry.npm.taobao.org/once/download/once-1.4.0.tgz#583b1aa775961d4b113ac17d9c50baef9dd76bd1"
  dependencies:
    wrappy "1"

optimist@^0.6.1:
  version "0.6.1"
  resolved "http://registry.npm.taobao.org/optimist/download/optimist-0.6.1.tgz#da3ea74686fa21a19a111c326e90eb15a0196686"
  dependencies:
    minimist "~0.0.1"
    wordwrap "~0.0.2"

optimist@~0.3.5:
  version "0.3.7"
  resolved "http://registry.npm.taobao.org/optimist/download/optimist-0.3.7.tgz#c90941ad59e4273328923074d2cf2e7cbc6ec0d9"
  dependencies:
    wordwrap "~0.0.2"

os-homedir@^1.0.0:
  version "1.0.2"
  resolved "http://registry.npm.taobao.org/os-homedir/download/os-homedir-1.0.2.tgz#ffbc4988336e0e833de0c168c7ef152121aa7fb3"

os-tmpdir@^1.0.1:
  version "1.0.2"
  resolved "http://registry.npm.taobao.org/os-tmpdir/download/os-tmpdir-1.0.2.tgz#bbe67406c79aa85c5cfec766fe5734555dfa1274"

path-exists@^1.0.0:
  version "1.0.0"
  resolved "http://registry.npm.taobao.org/path-exists/download/path-exists-1.0.0.tgz#d5a8998eb71ef37a74c34eb0d9eba6e878eea081"

path-is-absolute@^1.0.0, path-is-absolute@^1.0.1:
  version "1.0.1"
  resolved "http://registry.npm.taobao.org/path-is-absolute/download/path-is-absolute-1.0.1.tgz#174b9268735534ffbc7ace6bf53a5a9e1b5c5f5f"

private@^0.1.6, private@^0.1.8:
  version "0.1.8"
  resolved "http://registry.npm.taobao.org/private/download/private-0.1.8.tgz#2381edb3689f7a53d653190060fcf822d2f368ff"

qs@2.3.3:
  version "2.3.3"
  resolved "http://registry.npm.taobao.org/qs/download/qs-2.3.3.tgz#e9e85adbe75da0bbe4c8e0476a086290f863b404"

readable-stream@1.0.27-1:
  version "1.0.27-1"
  resolved "http://registry.npm.taobao.org/readable-stream/download/readable-stream-1.0.27-1.tgz#6b67983c20357cefd07f0165001a16d710d91078"
  dependencies:
    core-util-is "~1.0.0"
    inherits "~2.0.1"
    isarray "0.0.1"
    string_decoder "~0.10.x"

reduce-component@1.0.1:
  version "1.0.1"
  resolved "http://registry.npm.taobao.org/reduce-component/download/reduce-component-1.0.1.tgz#e0c93542c574521bea13df0f9488ed82ab77c5da"

regenerate@^1.2.1:
  version "1.4.0"
  resolved "http://registry.npm.taobao.org/regenerate/download/regenerate-1.4.0.tgz#4a856ec4b56e4077c557589cae85e7a4c8869a11"

regenerator-runtime@^0.11.0:
  version "0.11.1"
  resolved "http://registry.npm.taobao.org/regenerator-runtime/download/regenerator-runtime-0.11.1.tgz#be05ad7f9bf7d22e056f9726cee5017fbf19e2e9"

regenerator-transform@^0.10.0:
  version "0.10.1"
  resolved "http://registry.npm.taobao.org/regenerator-transform/download/regenerator-transform-0.10.1.tgz#1e4996837231da8b7f3cf4114d71b5691a0680dd"
  dependencies:
    babel-runtime "^6.18.0"
    babel-types "^6.19.0"
    private "^0.1.6"

regexpu-core@^2.0.0:
  version "2.0.0"
  resolved "http://registry.npm.taobao.org/regexpu-core/download/regexpu-core-2.0.0.tgz#49d038837b8dcf8bfa5b9a42139938e6ea2ae240"
  dependencies:
    regenerate "^1.2.1"
    regjsgen "^0.2.0"
    regjsparser "^0.1.4"

regjsgen@^0.2.0:
  version "0.2.0"
  resolved "http://registry.npm.taobao.org/regjsgen/download/regjsgen-0.2.0.tgz#6c016adeac554f75823fe37ac05b92d5a4edb1f7"

regjsparser@^0.1.4:
  version "0.1.5"
  resolved "http://registry.npm.taobao.org/regjsparser/download/regjsparser-0.1.5.tgz#7ee8f84dc6fa792d3fd0ae228d24bd949ead205c"
  dependencies:
    jsesc "~0.5.0"

repeating@^2.0.0:
  version "2.0.1"
  resolved "http://registry.npm.taobao.org/repeating/download/repeating-2.0.1.tgz#5214c53a926d3552707527fbab415dbc08d06dda"
  dependencies:
    is-finite "^1.0.0"

"safer-buffer@>= 2.1.2 < 3":
  version "2.1.2"
  resolved "http://registry.npm.taobao.org/safer-buffer/download/safer-buffer-2.1.2.tgz#44fa161b0187b9549dd84bb91802f9bd8385cd6a"

shebang-regex@^1.0.0:
  version "1.0.0"
  resolved "http://registry.npm.taobao.org/shebang-regex/download/shebang-regex-1.0.0.tgz#da42f49740c0b42db2ca9728571cb190c98efea3"

slash@^1.0.0:
  version "1.0.0"
  resolved "http://registry.npm.taobao.org/slash/download/slash-1.0.0.tgz#c41f2f6c39fc16d1cd17ad4b5d896114ae470d55"

source-map-support@^0.4.15:
  version "0.4.18"
  resolved "http://registry.npm.taobao.org/source-map-support/download/source-map-support-0.4.18.tgz#0286a6de8be42641338594e97ccea75f0a2c585f"
  dependencies:
    source-map "^0.5.6"

source-map@^0.1.40, source-map@~0.1.7:
  version "0.1.43"
  resolved "http://registry.npm.taobao.org/source-map/download/source-map-0.1.43.tgz#c24bc146ca517c1471f5dacbe2571b2b7f9e3346"
  dependencies:
    amdefine ">=0.0.4"

source-map@^0.5.0, source-map@^0.5.6, source-map@^0.5.7:
  version "0.5.7"
  resolved "http://registry.npm.taobao.org/source-map/download/source-map-0.5.7.tgz#8a039d2d1021d22d1ea14c80d8ea468ba2ef3fcc"

string_decoder@~0.10.x:
  version "0.10.31"
  resolved "http://registry.npm.taobao.org/string_decoder/download/string_decoder-0.10.31.tgz#62e203bc41766c6c28c9fc84301dab1c5310fa94"

strip-ansi@^3.0.0:
  version "3.0.1"
  resolved "http://registry.npm.taobao.org/strip-ansi/download/strip-ansi-3.0.1.tgz#6a385fb8853d952d5ff05d0e8aaf94278dc63dcf"
  dependencies:
    ansi-regex "^2.0.0"

superagent@~1.4.0:
  version "1.4.0"
  resolved "http://registry.npm.taobao.org/superagent/download/superagent-1.4.0.tgz#772eed5d70001bcace9397eca5515e177c6a5e8f"
  dependencies:
    component-emitter "1.1.2"
    cookiejar "2.0.1"
    debug "2"
    extend "1.2.1"
    form-data "0.2.0"
    formidable "1.0.14"
    methods "1.0.1"
    mime "1.3.4"
    qs "2.3.3"
    readable-stream "1.0.27-1"
    reduce-component "1.0.1"

supports-color@5.4.0:
  version "5.4.0"
  resolved "http://registry.npm.taobao.org/supports-color/download/supports-color-5.4.0.tgz#1c6b337402c2137605efe19f10fec390f6faab54"
  dependencies:
    has-flag "^3.0.0"

supports-color@^2.0.0:
  version "2.0.0"
  resolved "http://registry.npm.taobao.org/supports-color/download/supports-color-2.0.0.tgz#535d045ce6b6363fa40117084629995e9df324c7"

to-fast-properties@^1.0.3:
  version "1.0.3"
  resolved "http://registry.npm.taobao.org/to-fast-properties/download/to-fast-properties-1.0.3.tgz#b83571fa4d8c25b82e231b06e3a3055de4ca1a47"

trim-right@^1.0.1:
  version "1.0.1"
  resolved "http://registry.npm.taobao.org/trim-right/download/trim-right-1.0.1.tgz#cb2e1203067e0c8de1f614094b9fe45704ea6003"

type-detect@0.1.1:
  version "0.1.1"
  resolved "http://registry.npm.taobao.org/type-detect/download/type-detect-0.1.1.tgz#0ba5ec2a885640e470ea4e8505971900dac58822"

type-detect@^1.0.0:
  version "1.0.0"
  resolved "http://registry.npm.taobao.org/type-detect/download/type-detect-1.0.0.tgz#762217cc06db258ec48908a1298e8b95121e8ea2"

uglify-js@~2.3:
  version "2.3.6"
  resolved "http://registry.npm.taobao.org/uglify-js/download/uglify-js-2.3.6.tgz#fa0984770b428b7a9b2a8058f46355d14fef211a"
  dependencies:
    async "~0.2.6"
    optimist "~0.3.5"
    source-map "~0.1.7"

wordwrap@~0.0.2:
  version "0.0.3"
  resolved "http://registry.npm.taobao.org/wordwrap/download/wordwrap-0.0.3.tgz#a3d5da6cd5c0bc0008d37234bbaf1bed63059107"

wrappy@1:
  version "1.0.2"
  resolved "http://registry.npm.taobao.org/wrappy/download/wrappy-1.0.2.tgz#b5243d8f3ec1aa35f1364605bc0d1036e30ab69f"
